
Microsoft Visual Studio Solution File, Format Version 12.00
# Visual Studio Version 17
VisualStudioVersion = 17.4.32916.344
MinimumVisualStudioVersion = 10.0.40219.1
Project("{9A19103F-16F7-4668-BE54-9A1E7A4F7556}") = "DataBindable", "DataBindable\DataBindable.csproj", "{3990347F-228E-45AE-8A73-D18E495A2632}"
EndProject
Project("{9A19103F-16F7-4668-BE54-9A1E7A4F7556}") = "DataAccess", "DataAccess\DataAccess.csproj", "{41DF50E3-F79C-4431-A683-75568277BA2E}"
EndProject
Project("{9A19103F-16F7-4668-BE54-9A1E7A4F7556}") = "DataModel", "DataModel\DataModel.csproj", "{07E58158-80C4-4FA9-8255-AAAA46B5039C}"
EndProject
Project("{9A19103F-16F7-4668-BE54-9A1E7A4F7556}") = "Aig.Auditoria", "Aig.Auditoria\Aig.Auditoria.csproj", "{0AEBEA4D-D353-4DB7-A290-D596EA2F6752}"
EndProject
Project("{9A19103F-16F7-4668-BE54-9A1E7A4F7556}") = "Aig.FarmacoVigilancia", "Aig.FarmacoVigilancia\Aig.FarmacoVigilancia.csproj", "{97EEB9BF-A40A-4A7B-888B-C06C396B1166}"
EndProject
Project("{9A19103F-16F7-4668-BE54-9A1E7A4F7556}") = "Aig.Auditoria2", "Aig.Auditoria2\Aig.Auditoria2.csproj", "{D74C8CA3-02D9-4158-9C21-6636EF1D6208}"
EndProject
Project("{9A19103F-16F7-4668-BE54-9A1E7A4F7556}") = "Agi.API", "Agi.API\Agi.API.csproj", "{F4AFD586-2336-4849-8A76-D4CCE4F3E72B}"
EndProject
Global
	GlobalSection(SolutionConfigurationPlatforms) = preSolution
		Debug|Any CPU = Debug|Any CPU
		Release|Any CPU = Release|Any CPU
	EndGlobalSection
	GlobalSection(ProjectConfigurationPlatforms) = postSolution
		{3990347F-228E-45AE-8A73-D18E495A2632}.Debug|Any CPU.ActiveCfg = Debug|Any CPU
		{3990347F-228E-45AE-8A73-D18E495A2632}.Debug|Any CPU.Build.0 = Debug|Any CPU
		{3990347F-228E-45AE-8A73-D18E495A2632}.Release|Any CPU.ActiveCfg = Release|Any CPU
		{3990347F-228E-45AE-8A73-D18E495A2632}.Release|Any CPU.Build.0 = Release|Any CPU
		{41DF50E3-F79C-4431-A683-75568277BA2E}.Debug|Any CPU.ActiveCfg = Debug|Any CPU
		{41DF50E3-F79C-4431-A683-75568277BA2E}.Debug|Any CPU.Build.0 = Debug|Any CPU
		{41DF50E3-F79C-4431-A683-75568277BA2E}.Release|Any CPU.ActiveCfg = Release|Any CPU
		{41DF50E3-F79C-4431-A683-75568277BA2E}.Release|Any CPU.Build.0 = Release|Any CPU
		{07E58158-80C4-4FA9-8255-AAAA46B5039C}.Debug|Any CPU.ActiveCfg = Debug|Any CPU
		{07E58158-80C4-4FA9-8255-AAAA46B5039C}.Debug|Any CPU.Build.0 = Debug|Any CPU
		{07E58158-80C4-4FA9-8255-AAAA46B5039C}.Release|Any CPU.ActiveCfg = Release|Any CPU
		{07E58158-80C4-4FA9-8255-AAAA46B5039C}.Release|Any CPU.Build.0 = Release|Any CPU
		{0AEBEA4D-D353-4DB7-A290-D596EA2F6752}.Debug|Any CPU.ActiveCfg = Debug|Any CPU
		{0AEBEA4D-D353-4DB7-A290-D596EA2F6752}.Debug|Any CPU.Build.0 = Debug|Any CPU
		{0AEBEA4D-D353-4DB7-A290-D596EA2F6752}.Release|Any CPU.ActiveCfg = Release|Any CPU
		{0AEBEA4D-D353-4DB7-A290-D596EA2F6752}.Release|Any CPU.Build.0 = Release|Any CPU
		{97EEB9BF-A40A-4A7B-888B-C06C396B1166}.Debug|Any CPU.ActiveCfg = Debug|Any CPU
		{97EEB9BF-A40A-4A7B-888B-C06C396B1166}.Debug|Any CPU.Build.0 = Debug|Any CPU
		{97EEB9BF-A40A-4A7B-888B-C06C396B1166}.Release|Any CPU.ActiveCfg = Release|Any CPU
		{97EEB9BF-A40A-4A7B-888B-C06C396B1166}.Release|Any CPU.Build.0 = Release|Any CPU
		{D74C8CA3-02D9-4158-9C21-6636EF1D6208}.Debug|Any CPU.ActiveCfg = Debug|Any CPU
		{D74C8CA3-02D9-4158-9C21-6636EF1D6208}.Debug|Any CPU.Build.0 = Debug|Any CPU
		{D74C8CA3-02D9-4158-9C21-6636EF1D6208}.Release|Any CPU.ActiveCfg = Release|Any CPU
		{D74C8CA3-02D9-4158-9C21-6636EF1D6208}.Release|Any CPU.Build.0 = Release|Any CPU
		{F4AFD586-2336-4849-8A76-D4CCE4F3E72B}.Debug|Any CPU.ActiveCfg = Debug|Any CPU
		{F4AFD586-2336-4849-8A76-D4CCE4F3E72B}.Debug|Any CPU.Build.0 = Debug|Any CPU
		{F4AFD586-2336-4849-8A76-D4CCE4F3E72B}.Release|Any CPU.ActiveCfg = Release|Any CPU
		{F4AFD586-2336-4849-8A76-D4CCE4F3E72B}.Release|Any CPU.Build.0 = Release|Any CPU
	EndGlobalSection
	GlobalSection(SolutionProperties) = preSolution
		HideSolutionNode = FALSE
	EndGlobalSection
	GlobalSection(ExtensibilityGlobals) = postSolution
		SolutionGuid = {F25D0FA0-4409-423C-8A24-54AAFFE2B907}
	EndGlobalSection
EndGlobal
